
Microsoft Visual Studio Solution File, Format Version 12.00
# Visual Studio 15
VisualStudioVersion = 15.0.28307.902
MinimumVisualStudioVersion = 10.0.40219.1
Project("{8BC9CEB8-8B4A-11D0-8D11-00A0C91BC942}") = "TransferMode1", "TransferMode1\TransferMode1.vcxproj", "{E3C64BE8-9DD0-4238-96B2-F6F60B046969}"
EndProject
Global
	GlobalSection(SolutionConfigurationPlatforms) = preSolution
		Debug|x64 = Debug|x64
		Debug|x86 = Debug|x86
		Release|x64 = Release|x64
		Release|x86 = Release|x86
	EndGlobalSection
	GlobalSection(ProjectConfigurationPlatforms) = postSolution
		{E3C64BE8-9DD0-4238-96B2-F6F60B046969}.Debug|x64.ActiveCfg = Debug|x64
		{E3C64BE8-9DD0-4238-96B2-F6F60B046969}.Debug|x64.Build.0 = Debug|x64
		{E3C64BE8-9DD0-4238-96B2-F6F60B046969}.Debug|x86.ActiveCfg = Debug|Win32
		{E3C64BE8-9DD0-4238-96B2-F6F60B046969}.Debug|x86.Build.0 = Debug|Win32
		{E3C64BE8-9DD0-4238-96B2-F6F60B046969}.Release|x64.ActiveCfg = Release|x64
		{E3C64BE8-9DD0-4238-96B2-F6F60B046969}.Release|x64.Build.0 = Release|x64
		{E3C64BE8-9DD0-4238-96B2-F6F60B046969}.Release|x86.ActiveCfg = Release|Win32
		{E3C64BE8-9DD0-4238-96B2-F6F60B046969}.Release|x86.Build.0 = Release|Win32
	EndGlobalSection
	GlobalSection(SolutionProperties) = preSolution
		HideSolutionNode = FALSE
	EndGlobalSection
	GlobalSection(ExtensibilityGlobals) = postSolution
		SolutionGuid = {4B664A3E-5B25-44B0-856B-6486E5354D83}
	EndGlobalSection
EndGlobal
